
Microsoft Visual Studio Solution File, Format Version 12.00
# Visual Studio Version 17
VisualStudioVersion = 17.9.34728.123
MinimumVisualStudioVersion = 10.0.40219.1
Project("{FAE04EC0-301F-11D3-BF4B-00C04F79EFBC}") = "LinearSearchImplementation", "LinearSearchImplementation\LinearSearchImplementation.csproj", "{99038094-7F9A-46C3-858B-00F9BA8C60D7}"
EndProject
Global
	GlobalSection(SolutionConfigurationPlatforms) = preSolution
		Debug|Any CPU = Debug|Any CPU
		Release|Any CPU = Release|Any CPU
	EndGlobalSection
	GlobalSection(ProjectConfigurationPlatforms) = postSolution
		{99038094-7F9A-46C3-858B-00F9BA8C60D7}.Debug|Any CPU.ActiveCfg = Debug|Any CPU
		{99038094-7F9A-46C3-858B-00F9BA8C60D7}.Debug|Any CPU.Build.0 = Debug|Any CPU
		{99038094-7F9A-46C3-858B-00F9BA8C60D7}.Release|Any CPU.ActiveCfg = Release|Any CPU
		{99038094-7F9A-46C3-858B-00F9BA8C60D7}.Release|Any CPU.Build.0 = Release|Any CPU
	EndGlobalSection
	GlobalSection(SolutionProperties) = preSolution
		HideSolutionNode = FALSE
	EndGlobalSection
	GlobalSection(ExtensibilityGlobals) = postSolution
		SolutionGuid = {599CEB91-6C1C-4788-A062-AE39E644000F}
	EndGlobalSection
EndGlobal
